
Microsoft Visual Studio Solution File, Format Version 12.00
# Visual Studio Version 16
VisualStudioVersion = 16.0.30204.135
MinimumVisualStudioVersion = 10.0.40219.1
Project("{D954291E-2A0B-460D-934E-DC6B0785DB48}") = "PlatformUnoTestApp.Shared", "PlatformUnoTestApp\PlatformUnoTestApp.Shared\PlatformUnoTestApp.Shared.shproj", "{6279C845-92F8-4333-AB99-3D213163593C}"
EndProject
Project("{FAE04EC0-301F-11D3-BF4B-00C04F79EFBC}") = "PlatformUnoTestApp.Droid", "PlatformUnoTestApp\PlatformUnoTestApp.Droid\PlatformUnoTestApp.Droid.csproj", "{13E4C02F-3761-448C-AF21-288B3A4F4E63}"
EndProject
Project("{FAE04EC0-301F-11D3-BF4B-00C04F79EFBC}") = "PlatformUnoTestApp.iOS", "PlatformUnoTestApp\PlatformUnoTestApp.iOS\PlatformUnoTestApp.iOS.csproj", "{5796F071-2FEF-4168-BD79-FCEDF4521110}"
EndProject
Project("{FAE04EC0-301F-11D3-BF4B-00C04F79EFBC}") = "PlatformUnoTestApp.UWP", "PlatformUnoTestApp\PlatformUnoTestApp.UWP\PlatformUnoTestApp.UWP.csproj", "{E9A663A3-4D41-4452-89FE-86C247C5AC8B}"
EndProject
Project("{FAE04EC0-301F-11D3-BF4B-00C04F79EFBC}") = "PlatformUnoTestApp.Wasm", "PlatformUnoTestApp\PlatformUnoTestApp.Wasm\PlatformUnoTestApp.Wasm.csproj", "{53F43B41-B6DF-4647-9817-9144EB6AB951}"
EndProject
Project("{FAE04EC0-301F-11D3-BF4B-00C04F79EFBC}") = "PlatformUnoTestApp.macOS", "PlatformUnoTestApp\PlatformUnoTestApp.macOS\PlatformUnoTestApp.macOS.csproj", "{B5BD0FC7-522A-46A6-A9D9-CA494F201234}"
EndProject
Global
	GlobalSection(SharedMSBuildProjectFiles) = preSolution
		PlatformUnoTestApp\PlatformUnoTestApp.Shared\PlatformUnoTestApp.Shared.projitems*{13e4c02f-3761-448c-af21-288b3a4f4e63}*SharedItemsImports = 4
		PlatformUnoTestApp\PlatformUnoTestApp.Shared\PlatformUnoTestApp.Shared.projitems*{53f43b41-b6df-4647-9817-9144eb6ab951}*SharedItemsImports = 5
		PlatformUnoTestApp\PlatformUnoTestApp.Shared\PlatformUnoTestApp.Shared.projitems*{5796f071-2fef-4168-bd79-fcedf4521110}*SharedItemsImports = 4
		PlatformUnoTestApp\PlatformUnoTestApp.Shared\PlatformUnoTestApp.Shared.projitems*{6279c845-92f8-4333-ab99-3d213163593c}*SharedItemsImports = 13
		PlatformUnoTestApp\PlatformUnoTestApp.Shared\PlatformUnoTestApp.Shared.projitems*{b5bd0fc7-522a-46a6-a9d9-ca494f201234}*SharedItemsImports = 4
		PlatformUnoTestApp\PlatformUnoTestApp.Shared\PlatformUnoTestApp.Shared.projitems*{e9a663a3-4d41-4452-89fe-86c247c5ac8b}*SharedItemsImports = 4
	EndGlobalSection
	GlobalSection(SolutionConfigurationPlatforms) = preSolution
		Ad-Hoc|Any CPU = Ad-Hoc|Any CPU
		Ad-Hoc|ARM = Ad-Hoc|ARM
		Ad-Hoc|ARM64 = Ad-Hoc|ARM64
		Ad-Hoc|iPhone = Ad-Hoc|iPhone
		Ad-Hoc|iPhoneSimulator = Ad-Hoc|iPhoneSimulator
		Ad-Hoc|x64 = Ad-Hoc|x64
		Ad-Hoc|x86 = Ad-Hoc|x86
		AppStore|Any CPU = AppStore|Any CPU
		AppStore|ARM = AppStore|ARM
		AppStore|ARM64 = AppStore|ARM64
		AppStore|iPhone = AppStore|iPhone
		AppStore|iPhoneSimulator = AppStore|iPhoneSimulator
		AppStore|x64 = AppStore|x64
		AppStore|x86 = AppStore|x86
		Debug|Any CPU = Debug|Any CPU
		Debug|ARM = Debug|ARM
		Debug|ARM64 = Debug|ARM64
		Debug|iPhone = Debug|iPhone
		Debug|iPhoneSimulator = Debug|iPhoneSimulator
		Debug|x64 = Debug|x64
		Debug|x86 = Debug|x86
		Release|Any CPU = Release|Any CPU
		Release|ARM = Release|ARM
		Release|ARM64 = Release|ARM64
		Release|iPhone = Release|iPhone
		Release|iPhoneSimulator = Release|iPhoneSimulator
		Release|x64 = Release|x64
		Release|x86 = Release|x86
	EndGlobalSection
	GlobalSection(ProjectConfigurationPlatforms) = postSolution
		{13E4C02F-3761-448C-AF21-288B3A4F4E63}.Ad-Hoc|Any CPU.ActiveCfg = Release|Any CPU
		{13E4C02F-3761-448C-AF21-288B3A4F4E63}.Ad-Hoc|Any CPU.Build.0 = Release|Any CPU
		{13E4C02F-3761-448C-AF21-288B3A4F4E63}.Ad-Hoc|Any CPU.Deploy.0 = Release|Any CPU
		{13E4C02F-3761-448C-AF21-288B3A4F4E63}.Ad-Hoc|ARM.ActiveCfg = Release|Any CPU
		{13E4C02F-3761-448C-AF21-288B3A4F4E63}.Ad-Hoc|ARM.Build.0 = Release|Any CPU
		{13E4C02F-3761-448C-AF21-288B3A4F4E63}.Ad-Hoc|ARM.Deploy.0 = Release|Any CPU
		{13E4C02F-3761-448C-AF21-288B3A4F4E63}.Ad-Hoc|ARM64.ActiveCfg = Release|Any CPU
		{13E4C02F-3761-448C-AF21-288B3A4F4E63}.Ad-Hoc|ARM64.Build.0 = Release|Any CPU
		{13E4C02F-3761-448C-AF21-288B3A4F4E63}.Ad-Hoc|ARM64.Deploy.0 = Release|Any CPU
		{13E4C02F-3761-448C-AF21-288B3A4F4E63}.Ad-Hoc|iPhone.ActiveCfg = Release|Any CPU
		{13E4C02F-3761-448C-AF21-288B3A4F4E63}.Ad-Hoc|iPhone.Build.0 = Release|Any CPU
		{13E4C02F-3761-448C-AF21-288B3A4F4E63}.Ad-Hoc|iPhone.Deploy.0 = Release|Any CPU
		{13E4C02F-3761-448C-AF21-288B3A4F4E63}.Ad-Hoc|iPhoneSimulator.ActiveCfg = Release|Any CPU
		{13E4C02F-3761-448C-AF21-288B3A4F4E63}.Ad-Hoc|iPhoneSimulator.Build.0 = Release|Any CPU
		{13E4C02F-3761-448C-AF21-288B3A4F4E63}.Ad-Hoc|iPhoneSimulator.Deploy.0 = Release|Any CPU
		{13E4C02F-3761-448C-AF21-288B3A4F4E63}.Ad-Hoc|x64.ActiveCfg = Release|Any CPU
		{13E4C02F-3761-448C-AF21-288B3A4F4E63}.Ad-Hoc|x64.Build.0 = Release|Any CPU
		{13E4C02F-3761-448C-AF21-288B3A4F4E63}.Ad-Hoc|x64.Deploy.0 = Release|Any CPU
		{13E4C02F-3761-448C-AF21-288B3A4F4E63}.Ad-Hoc|x86.ActiveCfg = Release|Any CPU
		{13E4C02F-3761-448C-AF21-288B3A4F4E63}.Ad-Hoc|x86.Build.0 = Release|Any CPU
		{13E4C02F-3761-448C-AF21-288B3A4F4E63}.Ad-Hoc|x86.Deploy.0 = Release|Any CPU
		{13E4C02F-3761-448C-AF21-288B3A4F4E63}.AppStore|Any CPU.ActiveCfg = Release|Any CPU
		{13E4C02F-3761-448C-AF21-288B3A4F4E63}.AppStore|Any CPU.Build.0 = Release|Any CPU
		{13E4C02F-3761-448C-AF21-288B3A4F4E63}.AppStore|Any CPU.Deploy.0 = Release|Any CPU
		{13E4C02F-3761-448C-AF21-288B3A4F4E63}.AppStore|ARM.ActiveCfg = Release|Any CPU
		{13E4C02F-3761-448C-AF21-288B3A4F4E63}.AppStore|ARM.Build.0 = Release|Any CPU
		{13E4C02F-3761-448C-AF21-288B3A4F4E63}.AppStore|ARM.Deploy.0 = Release|Any CPU
		{13E4C02F-3761-448C-AF21-288B3A4F4E63}.AppStore|ARM64.ActiveCfg = Release|Any CPU
		{13E4C02F-3761-448C-AF21-288B3A4F4E63}.AppStore|ARM64.Build.0 = Release|Any CPU
		{13E4C02F-3761-448C-AF21-288B3A4F4E63}.AppStore|ARM64.Deploy.0 = Release|Any CPU
		{13E4C02F-3761-448C-AF21-288B3A4F4E63}.AppStore|iPhone.ActiveCfg = Release|Any CPU
		{13E4C02F-3761-448C-AF21-288B3A4F4E63}.AppStore|iPhone.Build.0 = Release|Any CPU
		{13E4C02F-3761-448C-AF21-288B3A4F4E63}.AppStore|iPhone.Deploy.0 = Release|Any CPU
		{13E4C02F-3761-448C-AF21-288B3A4F4E63}.AppStore|iPhoneSimulator.ActiveCfg = Release|Any CPU
		{13E4C02F-3761-448C-AF21-288B3A4F4E63}.AppStore|iPhoneSimulator.Build.0 = Release|Any CPU
		{13E4C02F-3761-448C-AF21-288B3A4F4E63}.AppStore|iPhoneSimulator.Deploy.0 = Release|Any CPU
		{13E4C02F-3761-448C-AF21-288B3A4F4E63}.AppStore|x64.ActiveCfg = Release|Any CPU
		{13E4C02F-3761-448C-AF21-288B3A4F4E63}.AppStore|x64.Build.0 = Release|Any CPU
		{13E4C02F-3761-448C-AF21-288B3A4F4E63}.AppStore|x64.Deploy.0 = Release|Any CPU
		{13E4C02F-3761-448C-AF21-288B3A4F4E63}.AppStore|x86.ActiveCfg = Release|Any CPU
		{13E4C02F-3761-448C-AF21-288B3A4F4E63}.AppStore|x86.Build.0 = Release|Any CPU
		{13E4C02F-3761-448C-AF21-288B3A4F4E63}.AppStore|x86.Deploy.0 = Release|Any CPU
		{13E4C02F-3761-448C-AF21-288B3A4F4E63}.Debug|Any CPU.ActiveCfg = Debug|Any CPU
		{13E4C02F-3761-448C-AF21-288B3A4F4E63}.Debug|Any CPU.Build.0 = Debug|Any CPU
		{13E4C02F-3761-448C-AF21-288B3A4F4E63}.Debug|Any CPU.Deploy.0 = Debug|Any CPU
		{13E4C02F-3761-448C-AF21-288B3A4F4E63}.Debug|ARM.ActiveCfg = Debug|Any CPU
		{13E4C02F-3761-448C-AF21-288B3A4F4E63}.Debug|ARM.Build.0 = Debug|Any CPU
		{13E4C02F-3761-448C-AF21-288B3A4F4E63}.Debug|ARM.Deploy.0 = Debug|Any CPU
		{13E4C02F-3761-448C-AF21-288B3A4F4E63}.Debug|ARM64.ActiveCfg = Debug|Any CPU
		{13E4C02F-3761-448C-AF21-288B3A4F4E63}.Debug|ARM64.Build.0 = Debug|Any CPU
		{13E4C02F-3761-448C-AF21-288B3A4F4E63}.Debug|ARM64.Deploy.0 = Debug|Any CPU
		{13E4C02F-3761-448C-AF21-288B3A4F4E63}.Debug|iPhone.ActiveCfg = Debug|Any CPU
		{13E4C02F-3761-448C-AF21-288B3A4F4E63}.Debug|iPhone.Build.0 = Debug|Any CPU
		{13E4C02F-3761-448C-AF21-288B3A4F4E63}.Debug|iPhone.Deploy.0 = Debug|Any CPU
		{13E4C02F-3761-448C-AF21-288B3A4F4E63}.Debug|iPhoneSimulator.ActiveCfg = Debug|Any CPU
		{13E4C02F-3761-448C-AF21-288B3A4F4E63}.Debug|iPhoneSimulator.Build.0 = Debug|Any CPU
		{13E4C02F-3761-448C-AF21-288B3A4F4E63}.Debug|iPhoneSimulator.Deploy.0 = Debug|Any CPU
		{13E4C02F-3761-448C-AF21-288B3A4F4E63}.Debug|x64.ActiveCfg = Debug|Any CPU
		{13E4C02F-3761-448C-AF21-288B3A4F4E63}.Debug|x64.Build.0 = Debug|Any CPU
		{13E4C02F-3761-448C-AF21-288B3A4F4E63}.Debug|x64.Deploy.0 = Debug|Any CPU
		{13E4C02F-3761-448C-AF21-288B3A4F4E63}.Debug|x86.ActiveCfg = Debug|Any CPU
		{13E4C02F-3761-448C-AF21-288B3A4F4E63}.Debug|x86.Build.0 = Debug|Any CPU
		{13E4C02F-3761-448C-AF21-288B3A4F4E63}.Debug|x86.Deploy.0 = Debug|Any CPU
		{13E4C02F-3761-448C-AF21-288B3A4F4E63}.Release|Any CPU.ActiveCfg = Release|Any CPU
		{13E4C02F-3761-448C-AF21-288B3A4F4E63}.Release|Any CPU.Build.0 = Release|Any CPU
		{13E4C02F-3761-448C-AF21-288B3A4F4E63}.Release|Any CPU.Deploy.0 = Release|Any CPU
		{13E4C02F-3761-448C-AF21-288B3A4F4E63}.Release|ARM.ActiveCfg = Release|Any CPU
		{13E4C02F-3761-448C-AF21-288B3A4F4E63}.Release|ARM.Build.0 = Release|Any CPU
		{13E4C02F-3761-448C-AF21-288B3A4F4E63}.Release|ARM.Deploy.0 = Release|Any CPU
		{13E4C02F-3761-448C-AF21-288B3A4F4E63}.Release|ARM64.ActiveCfg = Release|Any CPU
		{13E4C02F-3761-448C-AF21-288B3A4F4E63}.Release|ARM64.Build.0 = Release|Any CPU
		{13E4C02F-3761-448C-AF21-288B3A4F4E63}.Release|ARM64.Deploy.0 = Release|Any CPU
		{13E4C02F-3761-448C-AF21-288B3A4F4E63}.Release|iPhone.ActiveCfg = Release|Any CPU
		{13E4C02F-3761-448C-AF21-288B3A4F4E63}.Release|iPhone.Build.0 = Release|Any CPU
		{13E4C02F-3761-448C-AF21-288B3A4F4E63}.Release|iPhone.Deploy.0 = Release|Any CPU
		{13E4C02F-3761-448C-AF21-288B3A4F4E63}.Release|iPhoneSimulator.ActiveCfg = Release|Any CPU
		{13E4C02F-3761-448C-AF21-288B3A4F4E63}.Release|iPhoneSimulator.Build.0 = Release|Any CPU
		{13E4C02F-3761-448C-AF21-288B3A4F4E63}.Release|iPhoneSimulator.Deploy.0 = Release|Any CPU
		{13E4C02F-3761-448C-AF21-288B3A4F4E63}.Release|x64.ActiveCfg = Release|Any CPU
		{13E4C02F-3761-448C-AF21-288B3A4F4E63}.Release|x64.Build.0 = Release|Any CPU
		{13E4C02F-3761-448C-AF21-288B3A4F4E63}.Release|x64.Deploy.0 = Release|Any CPU
		{13E4C02F-3761-448C-AF21-288B3A4F4E63}.Release|x86.ActiveCfg = Release|Any CPU
		{13E4C02F-3761-448C-AF21-288B3A4F4E63}.Release|x86.Build.0 = Release|Any CPU
		{13E4C02F-3761-448C-AF21-288B3A4F4E63}.Release|x86.Deploy.0 = Release|Any CPU
		{5796F071-2FEF-4168-BD79-FCEDF4521110}.Ad-Hoc|Any CPU.ActiveCfg = Ad-Hoc|iPhone
		{5796F071-2FEF-4168-BD79-FCEDF4521110}.Ad-Hoc|ARM.ActiveCfg = Ad-Hoc|iPhone
		{5796F071-2FEF-4168-BD79-FCEDF4521110}.Ad-Hoc|ARM64.ActiveCfg = Ad-Hoc|iPhone
		{5796F071-2FEF-4168-BD79-FCEDF4521110}.Ad-Hoc|iPhone.ActiveCfg = Ad-Hoc|iPhone
		{5796F071-2FEF-4168-BD79-FCEDF4521110}.Ad-Hoc|iPhone.Build.0 = Ad-Hoc|iPhone
		{5796F071-2FEF-4168-BD79-FCEDF4521110}.Ad-Hoc|iPhoneSimulator.ActiveCfg = Ad-Hoc|iPhoneSimulator
		{5796F071-2FEF-4168-BD79-FCEDF4521110}.Ad-Hoc|iPhoneSimulator.Build.0 = Ad-Hoc|iPhoneSimulator
		{5796F071-2FEF-4168-BD79-FCEDF4521110}.Ad-Hoc|x64.ActiveCfg = Ad-Hoc|iPhone
		{5796F071-2FEF-4168-BD79-FCEDF4521110}.Ad-Hoc|x86.ActiveCfg = Ad-Hoc|iPhone
		{5796F071-2FEF-4168-BD79-FCEDF4521110}.AppStore|Any CPU.ActiveCfg = AppStore|iPhone
		{5796F071-2FEF-4168-BD79-FCEDF4521110}.AppStore|ARM.ActiveCfg = AppStore|iPhone
		{5796F071-2FEF-4168-BD79-FCEDF4521110}.AppStore|ARM64.ActiveCfg = AppStore|iPhone
		{5796F071-2FEF-4168-BD79-FCEDF4521110}.AppStore|iPhone.ActiveCfg = AppStore|iPhone
		{5796F071-2FEF-4168-BD79-FCEDF4521110}.AppStore|iPhone.Build.0 = AppStore|iPhone
		{5796F071-2FEF-4168-BD79-FCEDF4521110}.AppStore|iPhoneSimulator.ActiveCfg = AppStore|iPhoneSimulator
		{5796F071-2FEF-4168-BD79-FCEDF4521110}.AppStore|iPhoneSimulator.Build.0 = AppStore|iPhoneSimulator
		{5796F071-2FEF-4168-BD79-FCEDF4521110}.AppStore|x64.ActiveCfg = AppStore|iPhone
		{5796F071-2FEF-4168-BD79-FCEDF4521110}.AppStore|x86.ActiveCfg = AppStore|iPhone
		{5796F071-2FEF-4168-BD79-FCEDF4521110}.Debug|Any CPU.ActiveCfg = Debug|iPhone
		{5796F071-2FEF-4168-BD79-FCEDF4521110}.Debug|ARM.ActiveCfg = Debug|iPhone
		{5796F071-2FEF-4168-BD79-FCEDF4521110}.Debug|ARM64.ActiveCfg = Debug|iPhone
		{5796F071-2FEF-4168-BD79-FCEDF4521110}.Debug|iPhone.ActiveCfg = Debug|iPhone
		{5796F071-2FEF-4168-BD79-FCEDF4521110}.Debug|iPhone.Build.0 = Debug|iPhone
		{5796F071-2FEF-4168-BD79-FCEDF4521110}.Debug|iPhoneSimulator.ActiveCfg = Debug|iPhoneSimulator
		{5796F071-2FEF-4168-BD79-FCEDF4521110}.Debug|iPhoneSimulator.Build.0 = Debug|iPhoneSimulator
		{5796F071-2FEF-4168-BD79-FCEDF4521110}.Debug|x64.ActiveCfg = Debug|iPhone
		{5796F071-2FEF-4168-BD79-FCEDF4521110}.Debug|x86.ActiveCfg = Debug|iPhone
		{5796F071-2FEF-4168-BD79-FCEDF4521110}.Release|Any CPU.ActiveCfg = Release|iPhone
		{5796F071-2FEF-4168-BD79-FCEDF4521110}.Release|ARM.ActiveCfg = Release|iPhone
		{5796F071-2FEF-4168-BD79-FCEDF4521110}.Release|ARM64.ActiveCfg = Release|iPhone
		{5796F071-2FEF-4168-BD79-FCEDF4521110}.Release|iPhone.ActiveCfg = Release|iPhone
		{5796F071-2FEF-4168-BD79-FCEDF4521110}.Release|iPhone.Build.0 = Release|iPhone
		{5796F071-2FEF-4168-BD79-FCEDF4521110}.Release|iPhoneSimulator.ActiveCfg = Release|iPhoneSimulator
		{5796F071-2FEF-4168-BD79-FCEDF4521110}.Release|iPhoneSimulator.Build.0 = Release|iPhoneSimulator
		{5796F071-2FEF-4168-BD79-FCEDF4521110}.Release|x64.ActiveCfg = Release|iPhone
		{5796F071-2FEF-4168-BD79-FCEDF4521110}.Release|x86.ActiveCfg = Release|iPhone
		{E9A663A3-4D41-4452-89FE-86C247C5AC8B}.Ad-Hoc|Any CPU.ActiveCfg = Release|x64
		{E9A663A3-4D41-4452-89FE-86C247C5AC8B}.Ad-Hoc|Any CPU.Build.0 = Release|x64
		{E9A663A3-4D41-4452-89FE-86C247C5AC8B}.Ad-Hoc|Any CPU.Deploy.0 = Release|x64
		{E9A663A3-4D41-4452-89FE-86C247C5AC8B}.Ad-Hoc|ARM.ActiveCfg = Release|ARM
		{E9A663A3-4D41-4452-89FE-86C247C5AC8B}.Ad-Hoc|ARM.Build.0 = Release|ARM
		{E9A663A3-4D41-4452-89FE-86C247C5AC8B}.Ad-Hoc|ARM.Deploy.0 = Release|ARM
		{E9A663A3-4D41-4452-89FE-86C247C5AC8B}.Ad-Hoc|ARM64.ActiveCfg = Release|ARM64
		{E9A663A3-4D41-4452-89FE-86C247C5AC8B}.Ad-Hoc|ARM64.Build.0 = Release|ARM64
		{E9A663A3-4D41-4452-89FE-86C247C5AC8B}.Ad-Hoc|ARM64.Deploy.0 = Release|ARM64
		{E9A663A3-4D41-4452-89FE-86C247C5AC8B}.Ad-Hoc|iPhone.ActiveCfg = Release|x64
		{E9A663A3-4D41-4452-89FE-86C247C5AC8B}.Ad-Hoc|iPhone.Build.0 = Release|x64
		{E9A663A3-4D41-4452-89FE-86C247C5AC8B}.Ad-Hoc|iPhone.Deploy.0 = Release|x64
		{E9A663A3-4D41-4452-89FE-86C247C5AC8B}.Ad-Hoc|iPhoneSimulator.ActiveCfg = Release|x64
		{E9A663A3-4D41-4452-89FE-86C247C5AC8B}.Ad-Hoc|iPhoneSimulator.Build.0 = Release|x64
		{E9A663A3-4D41-4452-89FE-86C247C5AC8B}.Ad-Hoc|iPhoneSimulator.Deploy.0 = Release|x64
		{E9A663A3-4D41-4452-89FE-86C247C5AC8B}.Ad-Hoc|x64.ActiveCfg = Release|x64
		{E9A663A3-4D41-4452-89FE-86C247C5AC8B}.Ad-Hoc|x64.Build.0 = Release|x64
		{E9A663A3-4D41-4452-89FE-86C247C5AC8B}.Ad-Hoc|x64.Deploy.0 = Release|x64
		{E9A663A3-4D41-4452-89FE-86C247C5AC8B}.Ad-Hoc|x86.ActiveCfg = Release|x86
		{E9A663A3-4D41-4452-89FE-86C247C5AC8B}.Ad-Hoc|x86.Build.0 = Release|x86
		{E9A663A3-4D41-4452-89FE-86C247C5AC8B}.Ad-Hoc|x86.Deploy.0 = Release|x86
		{E9A663A3-4D41-4452-89FE-86C247C5AC8B}.AppStore|Any CPU.ActiveCfg = Release|x64
		{E9A663A3-4D41-4452-89FE-86C247C5AC8B}.AppStore|Any CPU.Build.0 = Release|x64
		{E9A663A3-4D41-4452-89FE-86C247C5AC8B}.AppStore|Any CPU.Deploy.0 = Release|x64
		{E9A663A3-4D41-4452-89FE-86C247C5AC8B}.AppStore|ARM.ActiveCfg = Release|ARM
		{E9A663A3-4D41-4452-89FE-86C247C5AC8B}.AppStore|ARM.Build.0 = Release|ARM
		{E9A663A3-4D41-4452-89FE-86C247C5AC8B}.AppStore|ARM.Deploy.0 = Release|ARM
		{E9A663A3-4D41-4452-89FE-86C247C5AC8B}.AppStore|ARM64.ActiveCfg = Release|ARM64
		{E9A663A3-4D41-4452-89FE-86C247C5AC8B}.AppStore|ARM64.Build.0 = Release|ARM64
		{E9A663A3-4D41-4452-89FE-86C247C5AC8B}.AppStore|ARM64.Deploy.0 = Release|ARM64
		{E9A663A3-4D41-4452-89FE-86C247C5AC8B}.AppStore|iPhone.ActiveCfg = Release|x64
		{E9A663A3-4D41-4452-89FE-86C247C5AC8B}.AppStore|iPhone.Build.0 = Release|x64
		{E9A663A3-4D41-4452-89FE-86C247C5AC8B}.AppStore|iPhone.Deploy.0 = Release|x64
		{E9A663A3-4D41-4452-89FE-86C247C5AC8B}.AppStore|iPhoneSimulator.ActiveCfg = Release|x64
		{E9A663A3-4D41-4452-89FE-86C247C5AC8B}.AppStore|iPhoneSimulator.Build.0 = Release|x64
		{E9A663A3-4D41-4452-89FE-86C247C5AC8B}.AppStore|iPhoneSimulator.Deploy.0 = Release|x64
		{E9A663A3-4D41-4452-89FE-86C247C5AC8B}.AppStore|x64.ActiveCfg = Release|x64
		{E9A663A3-4D41-4452-89FE-86C247C5AC8B}.AppStore|x64.Build.0 = Release|x64
		{E9A663A3-4D41-4452-89FE-86C247C5AC8B}.AppStore|x64.Deploy.0 = Release|x64
		{E9A663A3-4D41-4452-89FE-86C247C5AC8B}.AppStore|x86.ActiveCfg = Release|x86
		{E9A663A3-4D41-4452-89FE-86C247C5AC8B}.AppStore|x86.Build.0 = Release|x86
		{E9A663A3-4D41-4452-89FE-86C247C5AC8B}.AppStore|x86.Deploy.0 = Release|x86
		{E9A663A3-4D41-4452-89FE-86C247C5AC8B}.Debug|Any CPU.ActiveCfg = Debug|x86
		{E9A663A3-4D41-4452-89FE-86C247C5AC8B}.Debug|ARM.ActiveCfg = Debug|ARM
		{E9A663A3-4D41-4452-89FE-86C247C5AC8B}.Debug|ARM.Build.0 = Debug|ARM
		{E9A663A3-4D41-4452-89FE-86C247C5AC8B}.Debug|ARM.Deploy.0 = Debug|ARM
		{E9A663A3-4D41-4452-89FE-86C247C5AC8B}.Debug|ARM64.ActiveCfg = Debug|ARM64
		{E9A663A3-4D41-4452-89FE-86C247C5AC8B}.Debug|ARM64.Build.0 = Debug|ARM64
		{E9A663A3-4D41-4452-89FE-86C247C5AC8B}.Debug|ARM64.Deploy.0 = Debug|ARM64
		{E9A663A3-4D41-4452-89FE-86C247C5AC8B}.Debug|iPhone.ActiveCfg = Debug|x86
		{E9A663A3-4D41-4452-89FE-86C247C5AC8B}.Debug|iPhoneSimulator.ActiveCfg = Debug|x86
		{E9A663A3-4D41-4452-89FE-86C247C5AC8B}.Debug|x64.ActiveCfg = Debug|x64
		{E9A663A3-4D41-4452-89FE-86C247C5AC8B}.Debug|x64.Build.0 = Debug|x64
		{E9A663A3-4D41-4452-89FE-86C247C5AC8B}.Debug|x64.Deploy.0 = Debug|x64
		{E9A663A3-4D41-4452-89FE-86C247C5AC8B}.Debug|x86.ActiveCfg = Debug|x86
		{E9A663A3-4D41-4452-89FE-86C247C5AC8B}.Debug|x86.Build.0 = Debug|x86
		{E9A663A3-4D41-4452-89FE-86C247C5AC8B}.Debug|x86.Deploy.0 = Debug|x86
		{E9A663A3-4D41-4452-89FE-86C247C5AC8B}.Release|Any CPU.ActiveCfg = Release|x86
		{E9A663A3-4D41-4452-89FE-86C247C5AC8B}.Release|ARM.ActiveCfg = Release|ARM
		{E9A663A3-4D41-4452-89FE-86C247C5AC8B}.Release|ARM.Build.0 = Release|ARM
		{E9A663A3-4D41-4452-89FE-86C247C5AC8B}.Release|ARM.Deploy.0 = Release|ARM
		{E9A663A3-4D41-4452-89FE-86C247C5AC8B}.Release|ARM64.ActiveCfg = Release|ARM64
		{E9A663A3-4D41-4452-89FE-86C247C5AC8B}.Release|ARM64.Build.0 = Release|ARM64
		{E9A663A3-4D41-4452-89FE-86C247C5AC8B}.Release|ARM64.Deploy.0 = Release|ARM64
		{E9A663A3-4D41-4452-89FE-86C247C5AC8B}.Release|iPhone.ActiveCfg = Release|x86
		{E9A663A3-4D41-4452-89FE-86C247C5AC8B}.Release|iPhoneSimulator.ActiveCfg = Release|x86
		{E9A663A3-4D41-4452-89FE-86C247C5AC8B}.Release|x64.ActiveCfg = Release|x64
		{E9A663A3-4D41-4452-89FE-86C247C5AC8B}.Release|x64.Build.0 = Release|x64
		{E9A663A3-4D41-4452-89FE-86C247C5AC8B}.Release|x64.Deploy.0 = Release|x64
		{E9A663A3-4D41-4452-89FE-86C247C5AC8B}.Release|x86.ActiveCfg = Release|x86
		{E9A663A3-4D41-4452-89FE-86C247C5AC8B}.Release|x86.Build.0 = Release|x86
		{E9A663A3-4D41-4452-89FE-86C247C5AC8B}.Release|x86.Deploy.0 = Release|x86
		{53F43B41-B6DF-4647-9817-9144EB6AB951}.Ad-Hoc|Any CPU.ActiveCfg = Debug|Any CPU
		{53F43B41-B6DF-4647-9817-9144EB6AB951}.Ad-Hoc|Any CPU.Build.0 = Debug|Any CPU
		{53F43B41-B6DF-4647-9817-9144EB6AB951}.Ad-Hoc|ARM.ActiveCfg = Debug|Any CPU
		{53F43B41-B6DF-4647-9817-9144EB6AB951}.Ad-Hoc|ARM.Build.0 = Debug|Any CPU
		{53F43B41-B6DF-4647-9817-9144EB6AB951}.Ad-Hoc|ARM64.ActiveCfg = Debug|Any CPU
		{53F43B41-B6DF-4647-9817-9144EB6AB951}.Ad-Hoc|ARM64.Build.0 = Debug|Any CPU
		{53F43B41-B6DF-4647-9817-9144EB6AB951}.Ad-Hoc|iPhone.ActiveCfg = Debug|Any CPU
		{53F43B41-B6DF-4647-9817-9144EB6AB951}.Ad-Hoc|iPhone.Build.0 = Debug|Any CPU
		{53F43B41-B6DF-4647-9817-9144EB6AB951}.Ad-Hoc|iPhoneSimulator.ActiveCfg = Debug|Any CPU
		{53F43B41-B6DF-4647-9817-9144EB6AB951}.Ad-Hoc|iPhoneSimulator.Build.0 = Debug|Any CPU
		{53F43B41-B6DF-4647-9817-9144EB6AB951}.Ad-Hoc|x64.ActiveCfg = Debug|Any CPU
		{53F43B41-B6DF-4647-9817-9144EB6AB951}.Ad-Hoc|x64.Build.0 = Debug|Any CPU
		{53F43B41-B6DF-4647-9817-9144EB6AB951}.Ad-Hoc|x86.ActiveCfg = Debug|Any CPU
		{53F43B41-B6DF-4647-9817-9144EB6AB951}.Ad-Hoc|x86.Build.0 = Debug|Any CPU
		{53F43B41-B6DF-4647-9817-9144EB6AB951}.AppStore|Any CPU.ActiveCfg = Debug|Any CPU
		{53F43B41-B6DF-4647-9817-9144EB6AB951}.AppStore|Any CPU.Build.0 = Debug|Any CPU
		{53F43B41-B6DF-4647-9817-9144EB6AB951}.AppStore|ARM.ActiveCfg = Debug|Any CPU
		{53F43B41-B6DF-4647-9817-9144EB6AB951}.AppStore|ARM.Build.0 = Debug|Any CPU
		{53F43B41-B6DF-4647-9817-9144EB6AB951}.AppStore|ARM64.ActiveCfg = Debug|Any CPU
		{53F43B41-B6DF-4647-9817-9144EB6AB951}.AppStore|ARM64.Build.0 = Debug|Any CPU
		{53F43B41-B6DF-4647-9817-9144EB6AB951}.AppStore|iPhone.ActiveCfg = Debug|Any CPU
		{53F43B41-B6DF-4647-9817-9144EB6AB951}.AppStore|iPhone.Build.0 = Debug|Any CPU
		{53F43B41-B6DF-4647-9817-9144EB6AB951}.AppStore|iPhoneSimulator.ActiveCfg = Debug|Any CPU
		{53F43B41-B6DF-4647-9817-9144EB6AB951}.AppStore|iPhoneSimulator.Build.0 = Debug|Any CPU
		{53F43B41-B6DF-4647-9817-9144EB6AB951}.AppStore|x64.ActiveCfg = Debug|Any CPU
		{53F43B41-B6DF-4647-9817-9144EB6AB951}.AppStore|x64.Build.0 = Debug|Any CPU
		{53F43B41-B6DF-4647-9817-9144EB6AB951}.AppStore|x86.ActiveCfg = Debug|Any CPU
		{53F43B41-B6DF-4647-9817-9144EB6AB951}.AppStore|x86.Build.0 = Debug|Any CPU
		{53F43B41-B6DF-4647-9817-9144EB6AB951}.Debug|Any CPU.ActiveCfg = Debug|Any CPU
		{53F43B41-B6DF-4647-9817-9144EB6AB951}.Debug|Any CPU.Build.0 = Debug|Any CPU
		{53F43B41-B6DF-4647-9817-9144EB6AB951}.Debug|ARM.ActiveCfg = Debug|Any CPU
		{53F43B41-B6DF-4647-9817-9144EB6AB951}.Debug|ARM.Build.0 = Debug|Any CPU
		{53F43B41-B6DF-4647-9817-9144EB6AB951}.Debug|ARM64.ActiveCfg = Debug|Any CPU
		{53F43B41-B6DF-4647-9817-9144EB6AB951}.Debug|ARM64.Build.0 = Debug|Any CPU
		{53F43B41-B6DF-4647-9817-9144EB6AB951}.Debug|iPhone.ActiveCfg = Debug|Any CPU
		{53F43B41-B6DF-4647-9817-9144EB6AB951}.Debug|iPhone.Build.0 = Debug|Any CPU
		{53F43B41-B6DF-4647-9817-9144EB6AB951}.Debug|iPhoneSimulator.ActiveCfg = Debug|Any CPU
		{53F43B41-B6DF-4647-9817-9144EB6AB951}.Debug|iPhoneSimulator.Build.0 = Debug|Any CPU
		{53F43B41-B6DF-4647-9817-9144EB6AB951}.Debug|x64.ActiveCfg = Debug|Any CPU
		{53F43B41-B6DF-4647-9817-9144EB6AB951}.Debug|x64.Build.0 = Debug|Any CPU
		{53F43B41-B6DF-4647-9817-9144EB6AB951}.Debug|x86.ActiveCfg = Debug|Any CPU
		{53F43B41-B6DF-4647-9817-9144EB6AB951}.Debug|x86.Build.0 = Debug|Any CPU
		{53F43B41-B6DF-4647-9817-9144EB6AB951}.Release|Any CPU.ActiveCfg = Release|Any CPU
		{53F43B41-B6DF-4647-9817-9144EB6AB951}.Release|Any CPU.Build.0 = Release|Any CPU
		{53F43B41-B6DF-4647-9817-9144EB6AB951}.Release|ARM.ActiveCfg = Release|Any CPU
		{53F43B41-B6DF-4647-9817-9144EB6AB951}.Release|ARM.Build.0 = Release|Any CPU
		{53F43B41-B6DF-4647-9817-9144EB6AB951}.Release|ARM64.ActiveCfg = Release|Any CPU
		{53F43B41-B6DF-4647-9817-9144EB6AB951}.Release|ARM64.Build.0 = Release|Any CPU
		{53F43B41-B6DF-4647-9817-9144EB6AB951}.Release|iPhone.ActiveCfg = Release|Any CPU
		{53F43B41-B6DF-4647-9817-9144EB6AB951}.Release|iPhone.Build.0 = Release|Any CPU
		{53F43B41-B6DF-4647-9817-9144EB6AB951}.Release|iPhoneSimulator.ActiveCfg = Release|Any CPU
		{53F43B41-B6DF-4647-9817-9144EB6AB951}.Release|iPhoneSimulator.Build.0 = Release|Any CPU
		{53F43B41-B6DF-4647-9817-9144EB6AB951}.Release|x64.ActiveCfg = Release|Any CPU
		{53F43B41-B6DF-4647-9817-9144EB6AB951}.Release|x64.Build.0 = Release|Any CPU
		{53F43B41-B6DF-4647-9817-9144EB6AB951}.Release|x86.ActiveCfg = Release|Any CPU
		{53F43B41-B6DF-4647-9817-9144EB6AB951}.Release|x86.Build.0 = Release|Any CPU
		{B5BD0FC7-522A-46A6-A9D9-CA494F201234}.Ad-Hoc|Any CPU.ActiveCfg = Release|iPhoneSimulator
		{B5BD0FC7-522A-46A6-A9D9-CA494F201234}.Ad-Hoc|Any CPU.Build.0 = Release|iPhoneSimulator
		{B5BD0FC7-522A-46A6-A9D9-CA494F201234}.Ad-Hoc|ARM.ActiveCfg = Release|iPhoneSimulator
		{B5BD0FC7-522A-46A6-A9D9-CA494F201234}.Ad-Hoc|ARM.Build.0 = Release|iPhoneSimulator
		{B5BD0FC7-522A-46A6-A9D9-CA494F201234}.Ad-Hoc|ARM64.ActiveCfg = Release|iPhoneSimulator
		{B5BD0FC7-522A-46A6-A9D9-CA494F201234}.Ad-Hoc|ARM64.Build.0 = Release|iPhoneSimulator
		{B5BD0FC7-522A-46A6-A9D9-CA494F201234}.Ad-Hoc|iPhone.ActiveCfg = Release|iPhoneSimulator
		{B5BD0FC7-522A-46A6-A9D9-CA494F201234}.Ad-Hoc|iPhone.Build.0 = Release|iPhoneSimulator
		{B5BD0FC7-522A-46A6-A9D9-CA494F201234}.Ad-Hoc|iPhoneSimulator.ActiveCfg = Release|iPhoneSimulator
		{B5BD0FC7-522A-46A6-A9D9-CA494F201234}.Ad-Hoc|iPhoneSimulator.Build.0 = Release|iPhoneSimulator
		{B5BD0FC7-522A-46A6-A9D9-CA494F201234}.Ad-Hoc|x64.ActiveCfg = Release|iPhoneSimulator
		{B5BD0FC7-522A-46A6-A9D9-CA494F201234}.Ad-Hoc|x64.Build.0 = Release|iPhoneSimulator
		{B5BD0FC7-522A-46A6-A9D9-CA494F201234}.Ad-Hoc|x86.ActiveCfg = Release|iPhoneSimulator
		{B5BD0FC7-522A-46A6-A9D9-CA494F201234}.Ad-Hoc|x86.Build.0 = Release|iPhoneSimulator
		{B5BD0FC7-522A-46A6-A9D9-CA494F201234}.AppStore|Any CPU.ActiveCfg = Release|iPhoneSimulator
		{B5BD0FC7-522A-46A6-A9D9-CA494F201234}.AppStore|Any CPU.Build.0 = Release|iPhoneSimulator
		{B5BD0FC7-522A-46A6-A9D9-CA494F201234}.AppStore|ARM.ActiveCfg = Release|iPhoneSimulator
		{B5BD0FC7-522A-46A6-A9D9-CA494F201234}.AppStore|ARM.Build.0 = Release|iPhoneSimulator
		{B5BD0FC7-522A-46A6-A9D9-CA494F201234}.AppStore|ARM64.ActiveCfg = Release|iPhoneSimulator
		{B5BD0FC7-522A-46A6-A9D9-CA494F201234}.AppStore|ARM64.Build.0 = Release|iPhoneSimulator
		{B5BD0FC7-522A-46A6-A9D9-CA494F201234}.AppStore|iPhone.ActiveCfg = Release|iPhoneSimulator
		{B5BD0FC7-522A-46A6-A9D9-CA494F201234}.AppStore|iPhone.Build.0 = Release|iPhoneSimulator
		{B5BD0FC7-522A-46A6-A9D9-CA494F201234}.AppStore|iPhoneSimulator.ActiveCfg = Release|iPhoneSimulator
		{B5BD0FC7-522A-46A6-A9D9-CA494F201234}.AppStore|iPhoneSimulator.Build.0 = Release|iPhoneSimulator
		{B5BD0FC7-522A-46A6-A9D9-CA494F201234}.AppStore|x64.ActiveCfg = Release|iPhoneSimulator
		{B5BD0FC7-522A-46A6-A9D9-CA494F201234}.AppStore|x64.Build.0 = Release|iPhoneSimulator
		{B5BD0FC7-522A-46A6-A9D9-CA494F201234}.AppStore|x86.ActiveCfg = Release|iPhoneSimulator
		{B5BD0FC7-522A-46A6-A9D9-CA494F201234}.AppStore|x86.Build.0 = Release|iPhoneSimulator
		{B5BD0FC7-522A-46A6-A9D9-CA494F201234}.Debug|Any CPU.ActiveCfg = Debug|iPhoneSimulator
		{B5BD0FC7-522A-46A6-A9D9-CA494F201234}.Debug|ARM.ActiveCfg = Debug|iPhoneSimulator
		{B5BD0FC7-522A-46A6-A9D9-CA494F201234}.Debug|ARM64.ActiveCfg = Debug|iPhoneSimulator
		{B5BD0FC7-522A-46A6-A9D9-CA494F201234}.Debug|iPhone.ActiveCfg = Debug|iPhoneSimulator
		{B5BD0FC7-522A-46A6-A9D9-CA494F201234}.Debug|iPhoneSimulator.ActiveCfg = Debug|iPhoneSimulator
		{B5BD0FC7-522A-46A6-A9D9-CA494F201234}.Debug|iPhoneSimulator.Build.0 = Debug|iPhoneSimulator
		{B5BD0FC7-522A-46A6-A9D9-CA494F201234}.Debug|x64.ActiveCfg = Debug|iPhoneSimulator
		{B5BD0FC7-522A-46A6-A9D9-CA494F201234}.Debug|x86.ActiveCfg = Debug|iPhoneSimulator
		{B5BD0FC7-522A-46A6-A9D9-CA494F201234}.Release|Any CPU.ActiveCfg = Release|iPhoneSimulator
		{B5BD0FC7-522A-46A6-A9D9-CA494F201234}.Release|ARM.ActiveCfg = Release|iPhoneSimulator
		{B5BD0FC7-522A-46A6-A9D9-CA494F201234}.Release|ARM64.ActiveCfg = Release|iPhoneSimulator
		{B5BD0FC7-522A-46A6-A9D9-CA494F201234}.Release|iPhone.ActiveCfg = Release|iPhoneSimulator
		{B5BD0FC7-522A-46A6-A9D9-CA494F201234}.Release|iPhoneSimulator.ActiveCfg = Release|iPhoneSimulator
		{B5BD0FC7-522A-46A6-A9D9-CA494F201234}.Release|iPhoneSimulator.Build.0 = Release|iPhoneSimulator
		{B5BD0FC7-522A-46A6-A9D9-CA494F201234}.Release|x64.ActiveCfg = Release|iPhoneSimulator
		{B5BD0FC7-522A-46A6-A9D9-CA494F201234}.Release|x86.ActiveCfg = Release|iPhoneSimulator
	EndGlobalSection
	GlobalSection(SolutionProperties) = preSolution
		HideSolutionNode = FALSE
	EndGlobalSection
	GlobalSection(ExtensibilityGlobals) = postSolution
		SolutionGuid = {DC55C5F9-15FC-450D-8222-0184EC1C533F}
	EndGlobalSection
EndGlobal
